// !$*UTF8*$!
{
	archiveVersion = 1;
	classes = {
	};
	objectVersion = 46;
	objects = {

/* Begin PBXBuildFile section */
		848E45AB1F0F7B5300B517C7 /* AppDelegate.swift in Sources */ = {isa = PBXBuildFile; fileRef = 848E45AA1F0F7B5300B517C7 /* AppDelegate.swift */; };
		848E45AD1F0F7B5300B517C7 /* ViewController.swift in Sources */ = {isa = PBXBuildFile; fileRef = 848E45AC1F0F7B5300B517C7 /* ViewController.swift */; };
		848E45B01F0F7B5300B517C7 /* Main.storyboard in Resources */ = {isa = PBXBuildFile; fileRef = 848E45AE1F0F7B5300B517C7 /* Main.storyboard */; };
		848E45B21F0F7B5300B517C7 /* Assets.xcassets in Resources */ = {isa = PBXBuildFile; fileRef = 848E45B11F0F7B5300B517C7 /* Assets.xcassets */; };
		848E45B51F0F7B5300B517C7 /* LaunchScreen.storyboard in Resources */ = {isa = PBXBuildFile; fileRef = 848E45B31F0F7B5300B517C7 /* LaunchScreen.storyboard */; };
		848E45C01F0F7B5300B517C7 /* TestAppTests.swift in Sources */ = {isa = PBXBuildFile; fileRef = 848E45BF1F0F7B5300B517C7 /* TestAppTests.swift */; };
/* End PBXBuildFile section */

/* Begin PBXContainerItemProxy section */
		848E45BC1F0F7B5300B517C7 /* PBXContainerItemProxy */ = {
			isa = PBXContainerItemProxy;
			containerPortal = 848E459F1F0F7B5300B517C7 /* Project object */;
			proxyType = 1;
			remoteGlobalIDString = 848E45A61F0F7B5300B517C7;
			remoteInfo = TestApp;
		};
/* End PBXContainerItemProxy section */

/* Begin PBXFileReference section */
		848E45A71F0F7B5300B517C7 /* TestApp.app */ = {isa = PBXFileReference; explicitFileType = wrapper.application; includeInIndex = 0; path = TestApp.app; sourceTree = BUILT_PRODUCTS_DIR; };
		848E45AA1F0F7B5300B517C7 /* AppDelegate.swift */ = {isa = PBXFileReference; lastKnownFileType = sourcecode.swift; path = AppDelegate.swift; sourceTree = "<group>"; };
		848E45AC1F0F7B5300B517C7 /* ViewController.swift */ = {isa = PBXFileReference; lastKnownFileType = sourcecode.swift; path = ViewController.swift; sourceTree = "<group>"; };
		848E45AF1F0F7B5300B517C7 /* Base */ = {isa = PBXFileReference; lastKnownFileType = file.storyboard; name = Base; path = Base.lproj/Main.storyboard; sourceTree = "<group>"; };
		848E45B11F0F7B5300B517C7 /* Assets.xcassets */ = {isa = PBXFileReference; lastKnownFileType = folder.assetcatalog; path = Assets.xcassets; sourceTree = "<group>"; };
		848E45B41F0F7B5300B517C7 /* Base */ = {isa = PBXFileReference; lastKnownFileType = file.storyboard; name = Base; path = Base.lproj/LaunchScreen.storyboard; sourceTree = "<group>"; };
		848E45B61F0F7B5300B517C7 /* Info.plist */ = {isa = PBXFileReference; lastKnownFileType = text.plist.xml; path = Info.plist; sourceTree = "<group>"; };
		848E45BB1F0F7B5300B517C7 /* TestAppTests.xctest */ = {isa = PBXFileReference; explicitFileType = wrapper.cfbundle; includeInIndex = 0; path = TestAppTests.xctest; sourceTree = BUILT_PRODUCTS_DIR; };
		848E45BF1F0F7B5300B517C7 /* TestAppTests.swift */ = {isa = PBXFileReference; lastKnownFileType = sourcecode.swift; path = TestAppTests.swift; sourceTree = "<group>"; };
		848E45C11F0F7B5300B517C7 /* Info.plist */ = {isa = PBXFileReference; lastKnownFileType = text.plist.xml; path = Info.plist; sourceTree = "<group>"; };
/* End PBXFileReference section */

/* Begin PBXFrameworksBuildPhase section */
		848E45A41F0F7B5300B517C7 /* Frameworks */ = {
			isa = PBXFrameworksBuildPhase;
			buildActionMask = 2147483647;
			files = (
			);
			runOnlyForDeploymentPostprocessing = 0;
		};
		848E45B81F0F7B5300B517C7 /* Frameworks */ = {
			isa = PBXFrameworksBuildPhase;
			buildActionMask = 2147483647;
			files = (
			);
			runOnlyForDeploymentPostprocessing = 0;
		};
/* End PBXFrameworksBuildPhase section */

/* Begin PBXGroup section */
		848E459E1F0F7B5300B517C7 = {
			isa = PBXGroup;
			children = (
				848E45A91F0F7B5300B517C7 /* TestApp */,
				848E45BE1F0F7B5300B517C7 /* TestAppTests */,
				848E45A81F0F7B5300B517C7 /* Products */,
			);
			sourceTree = "<group>";
		};
		848E45A81F0F7B5300B517C7 /* Products */ = {
			isa = PBXGroup;
			children = (
				848E45A71F0F7B5300B517C7 /* TestApp.app */,
				848E45BB1F0F7B5300B517C7 /* TestAppTests.xctest */,
			);
			name = Products;
			sourceTree = "<group>";
		};
		848E45A91F0F7B5300B517C7 /* TestApp */ = {
			isa = PBXGroup;
			children = (
				848E45AA1F0F7B5300B517C7 /* AppDelegate.swift */,
				848E45AC1F0F7B5300B517C7 /* ViewController.swift */,
				848E45AE1F0F7B5300B517C7 /* Main.storyboard */,
				848E45B11F0F7B5300B517C7 /* Assets.xcassets */,
				848E45B31F0F7B5300B517C7 /* LaunchScreen.storyboard */,
				848E45B61F0F7B5300B517C7 /* Info.plist */,
			);
			path = TestApp;
			sourceTree = "<group>";
		};
		848E45BE1F0F7B5300B517C7 /* TestAppTests */ = {
			isa = PBXGroup;
			children = (
				848E45BF1F0F7B5300B517C7 /* TestAppTests.swift */,
				848E45C11F0F7B5300B517C7 /* Info.plist */,
			);
			path = TestAppTests;
			sourceTree = "<group>";
		};
/* End PBXGroup section */

/* Begin PBXNativeTarget section */
		848E45A61F0F7B5300B517C7 /* TestApp */ = {
			isa = PBXNativeTarget;
			buildConfigurationList = 848E45C41F0F7B5300B517C7 /* Build configuration list for PBXNativeTarget "TestApp" */;
			buildPhases = (
				848E45A31F0F7B5300B517C7 /* Sources */,
				848E45A41F0F7B5300B517C7 /* Frameworks */,
				848E45A51F0F7B5300B517C7 /* Resources */,
			);
			buildRules = (
			);
			dependencies = (
			);
			name = TestApp;
			productName = TestApp;
			productReference = 848E45A71F0F7B5300B517C7 /* TestApp.app */;
			productType = "com.apple.product-type.application";
		};
		848E45BA1F0F7B5300B517C7 /* TestAppTests */ = {
			isa = PBXNativeTarget;
			buildConfigurationList = 848E45C71F0F7B5300B517C7 /* Build configuration list for PBXNativeTarget "TestAppTests" */;
			buildPhases = (
				848E45B71F0F7B5300B517C7 /* Sources */,
				848E45B81F0F7B5300B517C7 /* Frameworks */,
				848E45B91F0F7B5300B517C7 /* Resources */,
			);
			buildRules = (
			);
			dependencies = (
				848E45BD1F0F7B5300B517C7 /* PBXTargetDependency */,
			);
			name = TestAppTests;
			productName = TestAppTests;
			productReference = 848E45BB1F0F7B5300B517C7 /* TestAppTests.xctest */;
			productType = "com.apple.product-type.bundle.unit-test";
		};
/* End PBXNativeTarget section */

/* Begin PBXProject section */
		848E459F1F0F7B5300B517C7 /* Project object */ = {
			isa = PBXProject;
			attributes = {
				LastSwiftUpdateCheck = 0820;
				LastUpgradeCheck = 0820;
				ORGANIZATIONNAME = Academy;
				TargetAttributes = {
					848E45A61F0F7B5300B517C7 = {
						CreatedOnToolsVersion = 8.2.1;
						ProvisioningStyle = Automatic;
					};
					848E45BA1F0F7B5300B517C7 = {
						CreatedOnToolsVersion = 8.2.1;
						ProvisioningStyle = Automatic;
						TestTargetID = 848E45A61F0F7B5300B517C7;
					};
				};
			};
			buildConfigurationList = 848E45A21F0F7B5300B517C7 /* Build configuration list for PBXProject "TestApp" */;
			compatibilityVersion = "Xcode 3.2";
			developmentRegion = English;
			hasScannedForEncodings = 0;
			knownRegions = (
				en,
				Base,
			);
			mainGroup = 848E459E1F0F7B5300B517C7;
			productRefGroup = 848E45A81F0F7B5300B517C7 /* Products */;
			projectDirPath = "";
			projectRoot = "";
			targets = (
				848E45A61F0F7B5300B517C7 /* TestApp */,
				848E45BA1F0F7B5300B517C7 /* TestAppTests */,
			);
		};
/* End PBXProject section */

/* Begin PBXResourcesBuildPhase section */
		848E45A51F0F7B5300B517C7 /* Resources */ = {
			isa = PBXResourcesBuildPhase;
			buildActionMask = 2147483647;
			files = (
				848E45B51F0F7B5300B517C7 /* LaunchScreen.storyboard in Resources */,
				848E45B21F0F7B5300B517C7 /* Assets.xcassets in Resources */,
				848E45B01F0F7B5300B517C7 /* Main.storyboard in Resources */,
			);
			runOnlyForDeploymentPostprocessing = 0;
		};
		848E45B91F0F7B5300B517C7 /* Resources */ = {
			isa = PBXResourcesBuildPhase;
			buildActionMask = 2147483647;
			files = (
			);
			runOnlyForDeploymentPostprocessing = 0;
		};
/* End PBXResourcesBuildPhase section */

/* Begin PBXSourcesBuildPhase section */
		848E45A31F0F7B5300B517C7 /* Sources */ = {
			isa = PBXSourcesBuildPhase;
			buildActionMask = 2147483647;
			files = (
				848E45AD1F0F7B5300B517C7 /* ViewController.swift in Sources */,
				848E45AB1F0F7B5300B517C7 /* AppDelegate.swift in Sources */,
			);
			runOnlyForDeploymentPostprocessing = 0;
		};
		848E45B71F0F7B5300B517C7 /* Sources */ = {
			isa = PBXSourcesBuildPhase;
			buildActionMask = 2147483647;
			files = (
				848E45C01F0F7B5300B517C7 /* TestAppTests.swift in Sources */,
			);
			runOnlyForDeploymentPostprocessing = 0;
		};
/* End PBXSourcesBuildPhase section */

/* Begin PBXTargetDependency section */
		848E45BD1F0F7B5300B517C7 /* PBXTargetDependency */ = {
			isa = PBXTargetDependency;
			target = 848E45A61F0F7B5300B517C7 /* TestApp */;
			targetProxy = 848E45BC1F0F7B5300B517C7 /* PBXContainerItemProxy */;
		};
/* End PBXTargetDependency section */

/* Begin PBXVariantGroup section */
		848E45AE1F0F7B5300B517C7 /* Main.storyboard */ = {
			isa = PBXVariantGroup;
			children = (
				848E45AF1F0F7B5300B517C7 /* Base */,
			);
			name = Main.storyboard;
			sourceTree = "<group>";
		};
		848E45B31F0F7B5300B517C7 /* LaunchScreen.storyboard */ = {
			isa = PBXVariantGroup;
			children = (
				848E45B41F0F7B5300B517C7 /* Base */,
			);
			name = LaunchScreen.storyboard;
			sourceTree = "<group>";
		};
/* End PBXVariantGroup section */

/* Begin XCBuildConfiguration section */
		848E45C21F0F7B5300B517C7 /* Debug */ = {
			isa = XCBuildConfiguration;
			buildSettings = {
				ALWAYS_SEARCH_USER_PATHS = NO;
				CLANG_ANALYZER_NONNULL = YES;
				CLANG_CXX_LANGUAGE_STANDARD = "gnu++0x";
				CLANG_CXX_LIBRARY = "libc++";
				CLANG_ENABLE_MODULES = YES;
				CLANG_ENABLE_OBJC_ARC = YES;
				CLANG_WARN_BOOL_CONVERSION = YES;
				CLANG_WARN_CONSTANT_CONVERSION = YES;
				CLANG_WARN_DIRECT_OBJC_ISA_USAGE = YES_ERROR;
				CLANG_WARN_DOCUMENTATION_COMMENTS = YES;
				CLANG_WARN_EMPTY_BODY = YES;
				CLANG_WARN_ENUM_CONVERSION = YES;
				CLANG_WARN_INFINITE_RECURSION = YES;
				CLANG_WARN_INT_CONVERSION = YES;
				CLANG_WARN_OBJC_ROOT_CLASS = YES_ERROR;
				CLANG_WARN_SUSPICIOUS_MOVE = YES;
				CLANG_WARN_UNREACHABLE_CODE = YES;
				CLANG_WARN__DUPLICATE_METHOD_MATCH = YES;
				"CODE_SIGN_IDENTITY[sdk=iphoneos*]" = "iPhone Developer";
				COPY_PHASE_STRIP = NO;
				DEBUG_INFORMATION_FORMAT = dwarf;
				ENABLE_STRICT_OBJC_MSGSEND = YES;
				ENABLE_TESTABILITY = YES;
				GCC_C_LANGUAGE_STANDARD = gnu99;
				GCC_DYNAMIC_NO_PIC = NO;
				GCC_NO_COMMON_BLOCKS = YES;
				GCC_OPTIMIZATION_LEVEL = 0;
				GCC_PREPROCESSOR_DEFINITIONS = (
					"DEBUG=1",
					"$(inherited)",
				);
				GCC_WARN_64_TO_32_BIT_CONVERSION = YES;
				GCC_WARN_ABOUT_RETURN_TYPE = YES_ERROR;
				GCC_WARN_UNDECLARED_SELECTOR = YES;
				GCC_WARN_UNINITIALIZED_AUTOS = YES_AGGRESSIVE;
				GCC_WARN_UNUSED_FUNCTION = YES;
				GCC_WARN_UNUSED_VARIABLE = YES;
				IPHONEOS_DEPLOYMENT_TARGET = 10.2;
				MTL_ENABLE_DEBUG_INFO = YES;
				ONLY_ACTIVE_ARCH = YES;
				SDKROOT = iphoneos;
				SWIFT_ACTIVE_COMPILATION_CONDITIONS = DEBUG;
				SWIFT_OPTIMIZATION_LEVEL = "-Onone";
				TARGETED_DEVICE_FAMILY = "1,2";
			};
			name = Debug;
		};
		848E45C31F0F7B5300B517C7 /* Release */ = {
			isa = XCBuildConfiguration;
			buildSettings = {
				ALWAYS_SEARCH_USER_PATHS = NO;
				CLANG_ANALYZER_NONNULL = YES;
				CLANG_CXX_LANGUAGE_STANDARD = "gnu++0x";
				CLANG_CXX_LIBRARY = "libc++";
				CLANG_ENABLE_MODULES = YES;
				CLANG_ENABLE_OBJC_ARC = YES;
				CLANG_WARN_BOOL_CONVERSION = YES;
				CLANG_WARN_CONSTANT_CONVERSION = YES;
				CLANG_WARN_DIRECT_OBJC_ISA_USAGE = YES_ERROR;
				CLANG_WARN_DOCUMENTATION_COMMENTS = YES;
				CLANG_WARN_EMPTY_BODY = YES;
				CLANG_WARN_ENUM_CONVERSION = YES;
				CLANG_WARN_INFINITE_RECURSION = YES;
				CLANG_WARN_INT_CONVERSION = YES;
				CLANG_WARN_OBJC_ROOT_CLASS = YES_ERROR;
				CLANG_WARN_SUSPICIOUS_MOVE = YES;
				CLANG_WARN_UNREACHABLE_CODE = YES;
				CLANG_WARN__DUPLICATE_METHOD_MATCH = YES;
				"CODE_SIGN_IDENTITY[sdk=iphoneos*]" = "iPhone Developer";
				COPY_PHASE_STRIP = NO;
				DEBUG_INFORMATION_FORMAT = "dwarf-with-dsym";
				ENABLE_NS_ASSERTIONS = NO;
				ENABLE_STRICT_OBJC_MSGSEND = YES;
				GCC_C_LANGUAGE_STANDARD = gnu99;
				GCC_NO_COMMON_BLOCKS = YES;
				GCC_WARN_64_TO_32_BIT_CONVERSION = YES;
				GCC_WARN_ABOUT_RETURN_TYPE = YES_ERROR;
				GCC_WARN_UNDECLARED_SELECTOR = YES;
				GCC_WARN_UNINITIALIZED_AUTOS = YES_AGGRESSIVE;
				GCC_WARN_UNUSED_FUNCTION = YES;
				GCC_WARN_UNUSED_VARIABLE = YES;
				IPHONEOS_DEPLOYMENT_TARGET = 10.2;
				MTL_ENABLE_DEBUG_INFO = NO;
				SDKROOT = iphoneos;
				SWIFT_OPTIMIZATION_LEVEL = "-Owholemodule";
				TARGETED_DEVICE_FAMILY = "1,2";
				VALIDATE_PRODUCT = YES;
			};
			name = Release;
		};
		848E45C51F0F7B5300B517C7 /* Debug */ = {
			isa = XCBuildConfiguration;
			buildSettings = {
				ASSETCATALOG_COMPILER_APPICON_NAME = AppIcon;
				INFOPLIST_FILE = TestApp/Info.plist;
				LD_RUNPATH_SEARCH_PATHS = "$(inherited) @executable_path/Frameworks";
				PRODUCT_BUNDLE_IDENTIFIER = train.TestApp;
				PRODUCT_NAME = "$(TARGET_NAME)";
				SWIFT_VERSION = 3.0;
			};
			name = Debug;
		};
		848E45C61F0F7B5300B517C7 /* Release */ = {
			isa = XCBuildConfiguration;
			buildSettings = {
				ASSETCATALOG_COMPILER_APPICON_NAME = AppIcon;
				INFOPLIST_FILE = TestApp/Info.plist;
				LD_RUNPATH_SEARCH_PATHS = "$(inherited) @executable_path/Frameworks";
				PRODUCT_BUNDLE_IDENTIFIER = train.TestApp;
				PRODUCT_NAME = "$(TARGET_NAME)";
				SWIFT_VERSION = 3.0;
			};
			name = Release;
		};
		848E45C81F0F7B5300B517C7 /* Debug */ = {
			isa = XCBuildConfiguration;
			buildSettings = {
				ALWAYS_EMBED_SWIFT_STANDARD_LIBRARIES = YES;
				BUNDLE_LOADER = "$(TEST_HOST)";
				INFOPLIST_FILE = TestAppTests/Info.plist;
				LD_RUNPATH_SEARCH_PATHS = "$(inherited) @executable_path/Frameworks @loader_path/Frameworks";
				PRODUCT_BUNDLE_IDENTIFIER = train.TestAppTests;
				PRODUCT_NAME = "$(TARGET_NAME)";
				SWIFT_VERSION = 3.0;
				TEST_HOST = "$(BUILT_PRODUCTS_DIR)/TestApp.app/TestApp";
			};
			name = Debug;
		};
		848E45C91F0F7B5300B517C7 /* Release */ = {
			isa = XCBuildConfiguration;
			buildSettings = {
				ALWAYS_EMBED_SWIFT_STANDARD_LIBRARIES = YES;
				BUNDLE_LOADER = "$(TEST_HOST)";
				INFOPLIST_FILE = TestAppTests/Info.plist;
				LD_RUNPATH_SEARCH_PATHS = "$(inherited) @executable_path/Frameworks @loader_path/Frameworks";
				PRODUCT_BUNDLE_IDENTIFIER = train.TestAppTests;
				PRODUCT_NAME = "$(TARGET_NAME)";
				SWIFT_VERSION = 3.0;
				TEST_HOST = "$(BUILT_PRODUCTS_DIR)/TestApp.app/TestApp";
			};
			name = Release;
		};
/* End XCBuildConfiguration section */

/* Begin XCConfigurationList section */
		848E45A21F0F7B5300B517C7 /* Build configuration list for PBXProject "TestApp" */ = {
			isa = XCConfigurationList;
			buildConfigurations = (
				848E45C21F0F7B5300B517C7 /* Debug */,
				848E45C31F0F7B5300B517C7 /* Release */,
			);
			defaultConfigurationIsVisible = 0;
			defaultConfigurationName = Release;
		};
		848E45C41F0F7B5300B517C7 /* Build configuration list for PBXNativeTarget "TestApp" */ = {
			isa = XCConfigurationList;
			buildConfigurations = (
				848E45C51F0F7B5300B517C7 /* Debug */,
				848E45C61F0F7B5300B517C7 /* Release */,
			);
			defaultConfigurationIsVisible = 0;
		};
		848E45C71F0F7B5300B517C7 /* Build configuration list for PBXNativeTarget "TestAppTests" */ = {
			isa = XCConfigurationList;
			buildConfigurations = (
				848E45C81F0F7B5300B517C7 /* Debug */,
				848E45C91F0F7B5300B517C7 /* Release */,
			);
			defaultConfigurationIsVisible = 0;
		};
/* End XCConfigurationList section */
	};
	rootObject = 848E459F1F0F7B5300B517C7 /* Project object */;
}
